
Microsoft Visual Studio Solution File, Format Version 12.00
# Visual Studio Version 17
VisualStudioVersion = 17.5.002.0
MinimumVisualStudioVersion = 10.0.40219.1
Project("{9A19103F-16F7-4668-BE54-9A1E7A4F7556}") = "TaylorsVersionApi", "TaylorsVersionApi.csproj", "{F659705B-D63D-4678-A6BB-A7959E0E23FF}"
EndProject
Global
	GlobalSection(SolutionConfigurationPlatforms) = preSolution
		Debug|Any CPU = Debug|Any CPU
		Release|Any CPU = Release|Any CPU
	EndGlobalSection
	GlobalSection(ProjectConfigurationPlatforms) = postSolution
		{F659705B-D63D-4678-A6BB-A7959E0E23FF}.Debug|Any CPU.ActiveCfg = Debug|Any CPU
		{F659705B-D63D-4678-A6BB-A7959E0E23FF}.Debug|Any CPU.Build.0 = Debug|Any CPU
		{F659705B-D63D-4678-A6BB-A7959E0E23FF}.Release|Any CPU.ActiveCfg = Release|Any CPU
		{F659705B-D63D-4678-A6BB-A7959E0E23FF}.Release|Any CPU.Build.0 = Release|Any CPU
	EndGlobalSection
	GlobalSection(SolutionProperties) = preSolution
		HideSolutionNode = FALSE
	EndGlobalSection
	GlobalSection(ExtensibilityGlobals) = postSolution
		SolutionGuid = {E091D343-B6A0-47A3-AFA4-AF0C9EE9BD0C}
	EndGlobalSection
EndGlobal
